
Microsoft Visual Studio Solution File, Format Version 12.00
# Visual Studio Version 17
VisualStudioVersion = 17.10.34916.146
MinimumVisualStudioVersion = 10.0.40219.1
Project("{FAE04EC0-301F-11D3-BF4B-00C04F79EFBC}") = "Vehicably", "Vehicably\Vehicably.csproj", "{A18AF94C-A3F7-4C76-A45E-F2AEDC40B31A}"
EndProject
Global
	GlobalSection(SolutionConfigurationPlatforms) = preSolution
		Debug|Any CPU = Debug|Any CPU
		Release|Any CPU = Release|Any CPU
	EndGlobalSection
	GlobalSection(ProjectConfigurationPlatforms) = postSolution
		{A18AF94C-A3F7-4C76-A45E-F2AEDC40B31A}.Debug|Any CPU.ActiveCfg = Debug|Any CPU
		{A18AF94C-A3F7-4C76-A45E-F2AEDC40B31A}.Debug|Any CPU.Build.0 = Debug|Any CPU
		{A18AF94C-A3F7-4C76-A45E-F2AEDC40B31A}.Release|Any CPU.ActiveCfg = Release|Any CPU
		{A18AF94C-A3F7-4C76-A45E-F2AEDC40B31A}.Release|Any CPU.Build.0 = Release|Any CPU
	EndGlobalSection
	GlobalSection(SolutionProperties) = preSolution
		HideSolutionNode = FALSE
	EndGlobalSection
	GlobalSection(ExtensibilityGlobals) = postSolution
		SolutionGuid = {FACEA77F-8A5B-420F-96AB-2214FBEFCB03}
	EndGlobalSection
EndGlobal
